
Microsoft Visual Studio Solution File, Format Version 12.00
# Visual Studio Version 17
VisualStudioVersion = 17.6.33815.320
MinimumVisualStudioVersion = 10.0.40219.1
Project("{FAE04EC0-301F-11D3-BF4B-00C04F79EFBC}") = "BikeManager", "BikeManager.csproj", "{24711955-20AD-4782-AF4A-55A6A1F9CBFF}"
EndProject
Global
	GlobalSection(SolutionConfigurationPlatforms) = preSolution
		Debug|Any CPU = Debug|Any CPU
		Release|Any CPU = Release|Any CPU
	EndGlobalSection
	GlobalSection(ProjectConfigurationPlatforms) = postSolution
		{24711955-20AD-4782-AF4A-55A6A1F9CBFF}.Debug|Any CPU.ActiveCfg = Debug|Any CPU
		{24711955-20AD-4782-AF4A-55A6A1F9CBFF}.Debug|Any CPU.Build.0 = Debug|Any CPU
		{24711955-20AD-4782-AF4A-55A6A1F9CBFF}.Release|Any CPU.ActiveCfg = Release|Any CPU
		{24711955-20AD-4782-AF4A-55A6A1F9CBFF}.Release|Any CPU.Build.0 = Release|Any CPU
	EndGlobalSection
	GlobalSection(SolutionProperties) = preSolution
		HideSolutionNode = FALSE
	EndGlobalSection
	GlobalSection(ExtensibilityGlobals) = postSolution
		SolutionGuid = {7F71B728-A0A9-4E4D-92DE-E156EB80572C}
	EndGlobalSection
EndGlobal
